PODS:
  - AnimatableTableView (1.0.0)
  - APExtensions (7.0.1):
    - APExtensions/Abstractions (= 7.0.1)
    - APExtensions/Core (= 7.0.1)
    - APExtensions/Storyboard (= 7.0.1)
    - APExtensions/ViewConfiguration (= 7.0.1)
  - APExtensions/Abstractions (7.0.1)
  - APExtensions/Core (7.0.1)
  - APExtensions/Storyboard (7.0.1)
  - APExtensions/ViewConfiguration (7.0.1)

DEPENDENCIES:
  - AnimatableTableView (from `../`)
  - APExtensions (from `https://github.com/APUtils/APExtensions`, branch `master`)

EXTERNAL SOURCES:
  AnimatableTableView:
    :path: "../"
  APExtensions:
    :branch: master
    :git: https://github.com/APUtils/APExtensions

CHECKOUT OPTIONS:
  APExtensions:
    :commit: 282d4612f7b3b3a7e0aa8731dba0c1b3048cbd19
    :git: https://github.com/APUtils/APExtensions

SPEC CHECKSUMS:
  AnimatableTableView: a5061f8dd0b22e3f9b888b89c8296b2da2dd6da3
  APExtensions: e0377240c9db7bc42c3b864c039ba70c1b4034a3

PODFILE CHECKSUM: 2c8fbe098af0bc3c38d45719769cc6cbd11f6cbd

COCOAPODS: 1.8.4
